
Microsoft Visual Studio Solution File, Format Version 12.00
# Visual Studio 14
VisualStudioVersion = 14.0.24720.0
MinimumVisualStudioVersion = 10.0.40219.1
Project("{FAE04EC0-301F-11D3-BF4B-00C04F79EFBC}") = "Tom", "Tom\Tom.csproj", "{FC8A6EEE-0630-486F-B67B-1648DE1C1B72}"
EndProject
Project("{FAE04EC0-301F-11D3-BF4B-00C04F79EFBC}") = "Tests", "Tests\Tests.csproj", "{59DE3422-338C-4C9C-88AE-AC2D69A22908}"
EndProject
Global
	GlobalSection(SolutionConfigurationPlatforms) = preSolution
		Debug|Any CPU = Debug|Any CPU
		Release|Any CPU = Release|Any CPU
	EndGlobalSection
	GlobalSection(ProjectConfigurationPlatforms) = postSolution
		{FC8A6EEE-0630-486F-B67B-1648DE1C1B72}.Debug|Any CPU.ActiveCfg = Debug|Any CPU
		{FC8A6EEE-0630-486F-B67B-1648DE1C1B72}.Debug|Any CPU.Build.0 = Debug|Any CPU
		{FC8A6EEE-0630-486F-B67B-1648DE1C1B72}.Release|Any CPU.ActiveCfg = Release|Any CPU
		{FC8A6EEE-0630-486F-B67B-1648DE1C1B72}.Release|Any CPU.Build.0 = Release|Any CPU
		{59DE3422-338C-4C9C-88AE-AC2D69A22908}.Debug|Any CPU.ActiveCfg = Debug|Any CPU
		{59DE3422-338C-4C9C-88AE-AC2D69A22908}.Debug|Any CPU.Build.0 = Debug|Any CPU
		{59DE3422-338C-4C9C-88AE-AC2D69A22908}.Release|Any CPU.ActiveCfg = Release|Any CPU
		{59DE3422-338C-4C9C-88AE-AC2D69A22908}.Release|Any CPU.Build.0 = Release|Any CPU
	EndGlobalSection
	GlobalSection(SolutionProperties) = preSolution
		HideSolutionNode = FALSE
	EndGlobalSection
EndGlobal
